// !$*UTF8*$!
{
	archiveVersion = 1;
	classes = {
	};
	objectVersion = 50;
	objects = {

/* Begin PBXBuildFile section */
		BB2541D223C0B5F600AFF889 /* MainViewController.swift in Sources */ = {isa = PBXBuildFile; fileRef = BB2541D123C0B5F600AFF889 /* MainViewController.swift */; };
		BBAC0EED23A28BDD009D50DB /* AppDelegate.swift in Sources */ = {isa = PBXBuildFile; fileRef = BBAC0EEC23A28BDD009D50DB /* AppDelegate.swift */; };
		BBAC0EEF23A28BDD009D50DB /* SceneDelegate.swift in Sources */ = {isa = PBXBuildFile; fileRef = BBAC0EEE23A28BDD009D50DB /* SceneDelegate.swift */; };
		BBAC0EF423A28BDD009D50DB /* Main.storyboard in Resources */ = {isa = PBXBuildFile; fileRef = BBAC0EF223A28BDD009D50DB /* Main.storyboard */; };
		BBAC0EF623A28BDE009D50DB /* Assets.xcassets in Resources */ = {isa = PBXBuildFile; fileRef = BBAC0EF523A28BDE009D50DB /* Assets.xcassets */; };
		BBAC0EF923A28BDE009D50DB /* LaunchScreen.storyboard in Resources */ = {isa = PBXBuildFile; fileRef = BBAC0EF723A28BDE009D50DB /* LaunchScreen.storyboard */; };
		BBB3937C23CA138000EEA15C /* LessonCell.swift in Sources */ = {isa = PBXBuildFile; fileRef = BBB3937B23CA137F00EEA15C /* LessonCell.swift */; };
		BBDE399E23AF79A40056C801 /* ParsingData.swift in Sources */ = {isa = PBXBuildFile; fileRef = BBDE399D23AF79A40056C801 /* ParsingData.swift */; };
		BBDE39A023AFDF630056C801 /* OriginalSheets.swift in Sources */ = {isa = PBXBuildFile; fileRef = BBDE399F23AFDF630056C801 /* OriginalSheets.swift */; };
		BBDE39A223AFDFBA0056C801 /* Lesson.swift in Sources */ = {isa = PBXBuildFile; fileRef = BBDE39A123AFDFBA0056C801 /* Lesson.swift */; };
/* End PBXBuildFile section */

/* Begin PBXFileReference section */
		BB2541D123C0B5F600AFF889 /* MainViewController.swift */ = {isa = PBXFileReference; lastKnownFileType = sourcecode.swift; path = MainViewController.swift; sourceTree = "<group>"; };
		BBAC0EE923A28BDD009D50DB /* Sheets.app */ = {isa = PBXFileReference; explicitFileType = wrapper.application; includeInIndex = 0; path = Sheets.app; sourceTree = BUILT_PRODUCTS_DIR; };
		BBAC0EEC23A28BDD009D50DB /* AppDelegate.swift */ = {isa = PBXFileReference; lastKnownFileType = sourcecode.swift; path = AppDelegate.swift; sourceTree = "<group>"; };
		BBAC0EEE23A28BDD009D50DB /* SceneDelegate.swift */ = {isa = PBXFileReference; lastKnownFileType = sourcecode.swift; path = SceneDelegate.swift; sourceTree = "<group>"; };
		BBAC0EF323A28BDD009D50DB /* Base */ = {isa = PBXFileReference; lastKnownFileType = file.storyboard; name = Base; path = Base.lproj/Main.storyboard; sourceTree = "<group>"; };
		BBAC0EF523A28BDE009D50DB /* Assets.xcassets */ = {isa = PBXFileReference; lastKnownFileType = folder.assetcatalog; path = Assets.xcassets; sourceTree = "<group>"; };
		BBAC0EF823A28BDE009D50DB /* Base */ = {isa = PBXFileReference; lastKnownFileType = file.storyboard; name = Base; path = Base.lproj/LaunchScreen.storyboard; sourceTree = "<group>"; };
		BBAC0EFA23A28BDE009D50DB /* Info.plist */ = {isa = PBXFileReference; lastKnownFileType = text.plist.xml; path = Info.plist; sourceTree = "<group>"; };
		BBB3937B23CA137F00EEA15C /* LessonCell.swift */ = {isa = PBXFileReference; lastKnownFileType = sourcecode.swift; path = LessonCell.swift; sourceTree = "<group>"; };
		BBDE399D23AF79A40056C801 /* ParsingData.swift */ = {isa = PBXFileReference; lastKnownFileType = sourcecode.swift; path = ParsingData.swift; sourceTree = "<group>"; };
		BBDE399F23AFDF630056C801 /* OriginalSheets.swift */ = {isa = PBXFileReference; lastKnownFileType = sourcecode.swift; path = OriginalSheets.swift; sourceTree = "<group>"; };
		BBDE39A123AFDFBA0056C801 /* Lesson.swift */ = {isa = PBXFileReference; lastKnownFileType = sourcecode.swift; path = Lesson.swift; sourceTree = "<group>"; };
/* End PBXFileReference section */

/* Begin PBXFrameworksBuildPhase section */
		BBAC0EE623A28BDD009D50DB /* Frameworks */ = {
			isa = PBXFrameworksBuildPhase;
			buildActionMask = 2147483647;
			files = (
			);
			runOnlyForDeploymentPostprocessing = 0;
		};
/* End PBXFrameworksBuildPhase section */

/* Begin PBXGroup section */
		BBAC0EE023A28BDD009D50DB = {
			isa = PBXGroup;
			children = (
				BBAC0EEB23A28BDD009D50DB /* Sheets */,
				BBAC0EEA23A28BDD009D50DB /* Products */,
			);
			sourceTree = "<group>";
		};
		BBAC0EEA23A28BDD009D50DB /* Products */ = {
			isa = PBXGroup;
			children = (
				BBAC0EE923A28BDD009D50DB /* Sheets.app */,
			);
			name = Products;
			sourceTree = "<group>";
		};
		BBAC0EEB23A28BDD009D50DB /* Sheets */ = {
			isa = PBXGroup;
			children = (
				BBAC0EEC23A28BDD009D50DB /* AppDelegate.swift */,
				BB2541D123C0B5F600AFF889 /* MainViewController.swift */,
				BBB3937B23CA137F00EEA15C /* LessonCell.swift */,
				BBAC0EEE23A28BDD009D50DB /* SceneDelegate.swift */,
				BBDE39A123AFDFBA0056C801 /* Lesson.swift */,
				BBDE399F23AFDF630056C801 /* OriginalSheets.swift */,
				BBDE399D23AF79A40056C801 /* ParsingData.swift */,
				BBAC0EF223A28BDD009D50DB /* Main.storyboard */,
				BBAC0EF523A28BDE009D50DB /* Assets.xcassets */,
				BBAC0EF723A28BDE009D50DB /* LaunchScreen.storyboard */,
				BBAC0EFA23A28BDE009D50DB /* Info.plist */,
			);
			path = Sheets;
			sourceTree = "<group>";
		};
/* End PBXGroup section */

/* Begin PBXNativeTarget section */
		BBAC0EE823A28BDD009D50DB /* Sheets */ = {
			isa = PBXNativeTarget;
			buildConfigurationList = BBAC0EFD23A28BDE009D50DB /* Build configuration list for PBXNativeTarget "Sheets" */;
			buildPhases = (
				BBAC0EE523A28BDD009D50DB /* Sources */,
				BBAC0EE623A28BDD009D50DB /* Frameworks */,
				BBAC0EE723A28BDD009D50DB /* Resources */,
			);
			buildRules = (
			);
			dependencies = (
			);
			name = Sheets;
			productName = Sheets;
			productReference = BBAC0EE923A28BDD009D50DB /* Sheets.app */;
			productType = "com.apple.product-type.application";
		};
/* End PBXNativeTarget section */

/* Begin PBXProject section */
		BBAC0EE123A28BDD009D50DB /* Project object */ = {
			isa = PBXProject;
			attributes = {
				LastSwiftUpdateCheck = 1130;
				LastUpgradeCheck = 1130;
				ORGANIZATIONNAME = ar_ko;
				TargetAttributes = {
					BBAC0EE823A28BDD009D50DB = {
						CreatedOnToolsVersion = 11.3;
					};
				};
			};
			buildConfigurationList = BBAC0EE423A28BDD009D50DB /* Build configuration list for PBXProject "Sheets" */;
			compatibilityVersion = "Xcode 9.3";
			developmentRegion = en;
			hasScannedForEncodings = 0;
			knownRegions = (
				en,
				Base,
			);
			mainGroup = BBAC0EE023A28BDD009D50DB;
			productRefGroup = BBAC0EEA23A28BDD009D50DB /* Products */;
			projectDirPath = "";
			projectRoot = "";
			targets = (
				BBAC0EE823A28BDD009D50DB /* Sheets */,
			);
		};
/* End PBXProject section */

/* Begin PBXResourcesBuildPhase section */
		BBAC0EE723A28BDD009D50DB /* Resources */ = {
			isa = PBXResourcesBuildPhase;
			buildActionMask = 2147483647;
			files = (
				BBAC0EF923A28BDE009D50DB /* LaunchScreen.storyboard in Resources */,
				BBAC0EF623A28BDE009D50DB /* Assets.xcassets in Resources */,
				BBAC0EF423A28BDD009D50DB /* Main.storyboard in Resources */,
			);
			runOnlyForDeploymentPostprocessing = 0;
		};
/* End PBXResourcesBuildPhase section */

/* Begin PBXSourcesBuildPhase section */
		BBAC0EE523A28BDD009D50DB /* Sources */ = {
			isa = PBXSourcesBuildPhase;
			buildActionMask = 2147483647;
			files = (
				BBB3937C23CA138000EEA15C /* LessonCell.swift in Sources */,
				BB2541D223C0B5F600AFF889 /* MainViewController.swift in Sources */,
				BBDE39A023AFDF630056C801 /* OriginalSheets.swift in Sources */,
				BBAC0EED23A28BDD009D50DB /* AppDelegate.swift in Sources */,
				BBDE39A223AFDFBA0056C801 /* Lesson.swift in Sources */,
				BBDE399E23AF79A40056C801 /* ParsingData.swift in Sources */,
				BBAC0EEF23A28BDD009D50DB /* SceneDelegate.swift in Sources */,
			);
			runOnlyForDeploymentPostprocessing = 0;
		};
/* End PBXSourcesBuildPhase section */

/* Begin PBXVariantGroup section */
		BBAC0EF223A28BDD009D50DB /* Main.storyboard */ = {
			isa = PBXVariantGroup;
			children = (
				BBAC0EF323A28BDD009D50DB /* Base */,
			);
			name = Main.storyboard;
			sourceTree = "<group>";
		};
		BBAC0EF723A28BDE009D50DB /* LaunchScreen.storyboard */ = {
			isa = PBXVariantGroup;
			children = (
				BBAC0EF823A28BDE009D50DB /* Base */,
			);
			name = LaunchScreen.storyboard;
			sourceTree = "<group>";
		};
/* End PBXVariantGroup section */

/* Begin XCBuildConfiguration section */
		BBAC0EFB23A28BDE009D50DB /* Debug */ = {
			isa = XCBuildConfiguration;
			buildSettings = {
				ALWAYS_SEARCH_USER_PATHS = NO;
				CLANG_ANALYZER_NONNULL = YES;
				CLANG_ANALYZER_NUMBER_OBJECT_CONVERSION = YES_AGGRESSIVE;
				CLANG_CXX_LANGUAGE_STANDARD = "gnu++14";
				CLANG_CXX_LIBRARY = "libc++";
				CLANG_ENABLE_MODULES = YES;
				CLANG_ENABLE_OBJC_ARC = YES;
				CLANG_ENABLE_OBJC_WEAK = YES;
				CLANG_WARN_BLOCK_CAPTURE_AUTORELEASING = YES;
				CLANG_WARN_BOOL_CONVERSION = YES;
				CLANG_WARN_COMMA = YES;
				CLANG_WARN_CONSTANT_CONVERSION = YES;
				CLANG_WARN_DEPRECATED_OBJC_IMPLEMENTATIONS = YES;
				CLANG_WARN_DIRECT_OBJC_ISA_USAGE = YES_ERROR;
				CLANG_WARN_DOCUMENTATION_COMMENTS = YES;
				CLANG_WARN_EMPTY_BODY = YES;
				CLANG_WARN_ENUM_CONVERSION = YES;
				CLANG_WARN_INFINITE_RECURSION = YES;
				CLANG_WARN_INT_CONVERSION = YES;
				CLANG_WARN_NON_LITERAL_NULL_CONVERSION = YES;
				CLANG_WARN_OBJC_IMPLICIT_RETAIN_SELF = YES;
				CLANG_WARN_OBJC_LITERAL_CONVERSION = YES;
				CLANG_WARN_OBJC_ROOT_CLASS = YES_ERROR;
				CLANG_WARN_RANGE_LOOP_ANALYSIS = YES;
				CLANG_WARN_STRICT_PROTOTYPES = YES;
				CLANG_WARN_SUSPICIOUS_MOVE = YES;
				CLANG_WARN_UNGUARDED_AVAILABILITY = YES_AGGRESSIVE;
				CLANG_WARN_UNREACHABLE_CODE = YES;
				CLANG_WARN__DUPLICATE_METHOD_MATCH = YES;
				COPY_PHASE_STRIP = NO;
				DEBUG_INFORMATION_FORMAT = dwarf;
				ENABLE_STRICT_OBJC_MSGSEND = YES;
				ENABLE_TESTABILITY = YES;
				GCC_C_LANGUAGE_STANDARD = gnu11;
				GCC_DYNAMIC_NO_PIC = NO;
				GCC_NO_COMMON_BLOCKS = YES;
				GCC_OPTIMIZATION_LEVEL = 0;
				GCC_PREPROCESSOR_DEFINITIONS = (
					"DEBUG=1",
					"$(inherited)",
				);
				GCC_WARN_64_TO_32_BIT_CONVERSION = YES;
				GCC_WARN_ABOUT_RETURN_TYPE = YES_ERROR;
				GCC_WARN_UNDECLARED_SELECTOR = YES;
				GCC_WARN_UNINITIALIZED_AUTOS = YES_AGGRESSIVE;
				GCC_WARN_UNUSED_FUNCTION = YES;
				GCC_WARN_UNUSED_VARIABLE = YES;
				IPHONEOS_DEPLOYMENT_TARGET = 13.2;
				MTL_ENABLE_DEBUG_INFO = INCLUDE_SOURCE;
				MTL_FAST_MATH = YES;
				ONLY_ACTIVE_ARCH = YES;
				SDKROOT = iphoneos;
				SWIFT_ACTIVE_COMPILATION_CONDITIONS = DEBUG;
				SWIFT_OPTIMIZATION_LEVEL = "-Onone";
			};
			name = Debug;
		};
		BBAC0EFC23A28BDE009D50DB /* Release */ = {
			isa = XCBuildConfiguration;
			buildSettings = {
				ALWAYS_SEARCH_USER_PATHS = NO;
				CLANG_ANALYZER_NONNULL = YES;
				CLANG_ANALYZER_NUMBER_OBJECT_CONVERSION = YES_AGGRESSIVE;
				CLANG_CXX_LANGUAGE_STANDARD = "gnu++14";
				CLANG_CXX_LIBRARY = "libc++";
				CLANG_ENABLE_MODULES = YES;
				CLANG_ENABLE_OBJC_ARC = YES;
				CLANG_ENABLE_OBJC_WEAK = YES;
				CLANG_WARN_BLOCK_CAPTURE_AUTORELEASING = YES;
				CLANG_WARN_BOOL_CONVERSION = YES;
				CLANG_WARN_COMMA = YES;
				CLANG_WARN_CONSTANT_CONVERSION = YES;
				CLANG_WARN_DEPRECATED_OBJC_IMPLEMENTATIONS = YES;
				CLANG_WARN_DIRECT_OBJC_ISA_USAGE = YES_ERROR;
				CLANG_WARN_DOCUMENTATION_COMMENTS = YES;
				CLANG_WARN_EMPTY_BODY = YES;
				CLANG_WARN_ENUM_CONVERSION = YES;
				CLANG_WARN_INFINITE_RECURSION = YES;
				CLANG_WARN_INT_CONVERSION = YES;
				CLANG_WARN_NON_LITERAL_NULL_CONVERSION = YES;
				CLANG_WARN_OBJC_IMPLICIT_RETAIN_SELF = YES;
				CLANG_WARN_OBJC_LITERAL_CONVERSION = YES;
				CLANG_WARN_OBJC_ROOT_CLASS = YES_ERROR;
				CLANG_WARN_RANGE_LOOP_ANALYSIS = YES;
				CLANG_WARN_STRICT_PROTOTYPES = YES;
				CLANG_WARN_SUSPICIOUS_MOVE = YES;
				CLANG_WARN_UNGUARDED_AVAILABILITY = YES_AGGRESSIVE;
				CLANG_WARN_UNREACHABLE_CODE = YES;
				CLANG_WARN__DUPLICATE_METHOD_MATCH = YES;
				COPY_PHASE_STRIP = NO;
				DEBUG_INFORMATION_FORMAT = "dwarf-with-dsym";
				ENABLE_NS_ASSERTIONS = NO;
				ENABLE_STRICT_OBJC_MSGSEND = YES;
				GCC_C_LANGUAGE_STANDARD = gnu11;
				GCC_NO_COMMON_BLOCKS = YES;
				GCC_WARN_64_TO_32_BIT_CONVERSION = YES;
				GCC_WARN_ABOUT_RETURN_TYPE = YES_ERROR;
				GCC_WARN_UNDECLARED_SELECTOR = YES;
				GCC_WARN_UNINITIALIZED_AUTOS = YES_AGGRESSIVE;
				GCC_WARN_UNUSED_FUNCTION = YES;
				GCC_WARN_UNUSED_VARIABLE = YES;
				IPHONEOS_DEPLOYMENT_TARGET = 13.2;
				MTL_ENABLE_DEBUG_INFO = NO;
				MTL_FAST_MATH = YES;
				SDKROOT = iphoneos;
				SWIFT_COMPILATION_MODE = wholemodule;
				SWIFT_OPTIMIZATION_LEVEL = "-O";
				VALIDATE_PRODUCT = YES;
			};
			name = Release;
		};
		BBAC0EFE23A28BDE009D50DB /* Debug */ = {
			isa = XCBuildConfiguration;
			buildSettings = {
				ASSETCATALOG_COMPILER_APPICON_NAME = AppIcon;
				CODE_SIGN_STYLE = Automatic;
				DEVELOPMENT_TEAM = C97NTYG8P8;
				INFOPLIST_FILE = Sheets/Info.plist;
				LD_RUNPATH_SEARCH_PATHS = (
					"$(inherited)",
					"@executable_path/Frameworks",
				);
				PRODUCT_BUNDLE_IDENTIFIER = "ar-ko.Sheets";
				PRODUCT_NAME = "$(TARGET_NAME)";
				SWIFT_VERSION = 5.0;
				TARGETED_DEVICE_FAMILY = "1,2";
			};
			name = Debug;
		};
		BBAC0EFF23A28BDE009D50DB /* Release */ = {
			isa = XCBuildConfiguration;
			buildSettings = {
				ASSETCATALOG_COMPILER_APPICON_NAME = AppIcon;
				CODE_SIGN_STYLE = Automatic;
				DEVELOPMENT_TEAM = C97NTYG8P8;
				INFOPLIST_FILE = Sheets/Info.plist;
				LD_RUNPATH_SEARCH_PATHS = (
					"$(inherited)",
					"@executable_path/Frameworks",
				);
				PRODUCT_BUNDLE_IDENTIFIER = "ar-ko.Sheets";
				PRODUCT_NAME = "$(TARGET_NAME)";
				SWIFT_VERSION = 5.0;
				TARGETED_DEVICE_FAMILY = "1,2";
			};
			name = Release;
		};
/* End XCBuildConfiguration section */

/* Begin XCConfigurationList section */
		BBAC0EE423A28BDD009D50DB /* Build configuration list for PBXProject "Sheets" */ = {
			isa = XCConfigurationList;
			buildConfigurations = (
				BBAC0EFB23A28BDE009D50DB /* Debug */,
				BBAC0EFC23A28BDE009D50DB /* Release */,
			);
			defaultConfigurationIsVisible = 0;
			defaultConfigurationName = Release;
		};
		BBAC0EFD23A28BDE009D50DB /* Build configuration list for PBXNativeTarget "Sheets" */ = {
			isa = XCConfigurationList;
			buildConfigurations = (
				BBAC0EFE23A28BDE009D50DB /* Debug */,
				BBAC0EFF23A28BDE009D50DB /* Release */,
			);
			defaultConfigurationIsVisible = 0;
			defaultConfigurationName = Release;
		};
/* End XCConfigurationList section */
	};
	rootObject = BBAC0EE123A28BDD009D50DB /* Project object */;
}
